// !$*UTF8*$!
{
	archiveVersion = 1;
	classes = {
	};
	objectVersion = 56;
	objects = {

/* Begin PBXBuildFile section */
		897D56D72CA3EE520049E193 /* RemoveBgTestApp.swift in Sources */ = {isa = PBXBuildFile; fileRef = 897D56D62CA3EE520049E193 /* RemoveBgTestApp.swift */; };
		897D56D92CA3EE520049E193 /* ContentView.swift in Sources */ = {isa = PBXBuildFile; fileRef = 897D56D82CA3EE520049E193 /* ContentView.swift */; };
		897D56DB2CA3EE550049E193 /* Assets.xcassets in Resources */ = {isa = PBXBuildFile; fileRef = 897D56DA2CA3EE550049E193 /* Assets.xcassets */; };
		897D56DE2CA3EE550049E193 /* Preview Assets.xcassets in Resources */ = {isa = PBXBuildFile; fileRef = 897D56DD2CA3EE550049E193 /* Preview Assets.xcassets */; };
		897D56E52CA3F0390049E193 /* ImagePicker.swift in Sources */ = {isa = PBXBuildFile; fileRef = 897D56E42CA3F0390049E193 /* ImagePicker.swift */; };
		897D57092CA45FFC0049E193 /* BrushView.swift in Sources */ = {isa = PBXBuildFile; fileRef = 897D57082CA45FFC0049E193 /* BrushView.swift */; };
		897D570B2CA460250049E193 /* Constants.swift in Sources */ = {isa = PBXBuildFile; fileRef = 897D570A2CA460250049E193 /* Constants.swift */; };
		897D570D2CA4603B0049E193 /* ColorPickerView.swift in Sources */ = {isa = PBXBuildFile; fileRef = 897D570C2CA4603B0049E193 /* ColorPickerView.swift */; };
		897D570F2CA58F890049E193 /* ResultView.swift in Sources */ = {isa = PBXBuildFile; fileRef = 897D570E2CA58F890049E193 /* ResultView.swift */; };
/* End PBXBuildFile section */

/* Begin PBXFileReference section */
		897D56D32CA3EE520049E193 /* RemoveBgTest.app */ = {isa = PBXFileReference; explicitFileType = wrapper.application; includeInIndex = 0; path = RemoveBgTest.app; sourceTree = BUILT_PRODUCTS_DIR; };
		897D56D62CA3EE520049E193 /* RemoveBgTestApp.swift */ = {isa = PBXFileReference; lastKnownFileType = sourcecode.swift; path = RemoveBgTestApp.swift; sourceTree = "<group>"; };
		897D56D82CA3EE520049E193 /* ContentView.swift */ = {isa = PBXFileReference; lastKnownFileType = sourcecode.swift; path = ContentView.swift; sourceTree = "<group>"; };
		897D56DA2CA3EE550049E193 /* Assets.xcassets */ = {isa = PBXFileReference; lastKnownFileType = folder.assetcatalog; path = Assets.xcassets; sourceTree = "<group>"; };
		897D56DD2CA3EE550049E193 /* Preview Assets.xcassets */ = {isa = PBXFileReference; lastKnownFileType = folder.assetcatalog; path = "Preview Assets.xcassets"; sourceTree = "<group>"; };
		897D56E42CA3F0390049E193 /* ImagePicker.swift */ = {isa = PBXFileReference; lastKnownFileType = sourcecode.swift; path = ImagePicker.swift; sourceTree = "<group>"; };
		897D57082CA45FFC0049E193 /* BrushView.swift */ = {isa = PBXFileReference; lastKnownFileType = sourcecode.swift; path = BrushView.swift; sourceTree = "<group>"; };
		897D570A2CA460250049E193 /* Constants.swift */ = {isa = PBXFileReference; lastKnownFileType = sourcecode.swift; path = Constants.swift; sourceTree = "<group>"; };
		897D570C2CA4603B0049E193 /* ColorPickerView.swift */ = {isa = PBXFileReference; lastKnownFileType = sourcecode.swift; path = ColorPickerView.swift; sourceTree = "<group>"; };
		897D570E2CA58F890049E193 /* ResultView.swift */ = {isa = PBXFileReference; lastKnownFileType = sourcecode.swift; path = ResultView.swift; sourceTree = "<group>"; };
/* End PBXFileReference section */

/* Begin PBXFrameworksBuildPhase section */
		897D56D02CA3EE520049E193 /* Frameworks */ = {
			isa = PBXFrameworksBuildPhase;
			buildActionMask = 2147483647;
			files = (
			);
			runOnlyForDeploymentPostprocessing = 0;
		};
/* End PBXFrameworksBuildPhase section */

/* Begin PBXGroup section */
		897D56CA2CA3EE520049E193 = {
			isa = PBXGroup;
			children = (
				897D56D52CA3EE520049E193 /* RemoveBgTest */,
				897D56D42CA3EE520049E193 /* Products */,
			);
			sourceTree = "<group>";
		};
		897D56D42CA3EE520049E193 /* Products */ = {
			isa = PBXGroup;
			children = (
				897D56D32CA3EE520049E193 /* RemoveBgTest.app */,
			);
			name = Products;
			sourceTree = "<group>";
		};
		897D56D52CA3EE520049E193 /* RemoveBgTest */ = {
			isa = PBXGroup;
			children = (
				897D56D62CA3EE520049E193 /* RemoveBgTestApp.swift */,
				897D56D82CA3EE520049E193 /* ContentView.swift */,
				897D56DA2CA3EE550049E193 /* Assets.xcassets */,
				897D56DC2CA3EE550049E193 /* Preview Content */,
				897D56E42CA3F0390049E193 /* ImagePicker.swift */,
				897D57082CA45FFC0049E193 /* BrushView.swift */,
				897D570A2CA460250049E193 /* Constants.swift */,
				897D570C2CA4603B0049E193 /* ColorPickerView.swift */,
				897D570E2CA58F890049E193 /* ResultView.swift */,
			);
			path = RemoveBgTest;
			sourceTree = "<group>";
		};
		897D56DC2CA3EE550049E193 /* Preview Content */ = {
			isa = PBXGroup;
			children = (
				897D56DD2CA3EE550049E193 /* Preview Assets.xcassets */,
			);
			path = "Preview Content";
			sourceTree = "<group>";
		};
/* End PBXGroup section */

/* Begin PBXNativeTarget section */
		897D56D22CA3EE520049E193 /* RemoveBgTest */ = {
			isa = PBXNativeTarget;
			buildConfigurationList = 897D56E12CA3EE550049E193 /* Build configuration list for PBXNativeTarget "RemoveBgTest" */;
			buildPhases = (
				897D56CF2CA3EE520049E193 /* Sources */,
				897D56D02CA3EE520049E193 /* Frameworks */,
				897D56D12CA3EE520049E193 /* Resources */,
			);
			buildRules = (
			);
			dependencies = (
			);
			name = RemoveBgTest;
			productName = RemoveBgTest;
			productReference = 897D56D32CA3EE520049E193 /* RemoveBgTest.app */;
			productType = "com.apple.product-type.application";
		};
/* End PBXNativeTarget section */

/* Begin PBXProject section */
		897D56CB2CA3EE520049E193 /* Project object */ = {
			isa = PBXProject;
			attributes = {
				BuildIndependentTargetsInParallel = 1;
				LastSwiftUpdateCheck = 1540;
				LastUpgradeCheck = 1540;
				TargetAttributes = {
					897D56D22CA3EE520049E193 = {
						CreatedOnToolsVersion = 15.4;
					};
				};
			};
			buildConfigurationList = 897D56CE2CA3EE520049E193 /* Build configuration list for PBXProject "RemoveBgTest" */;
			compatibilityVersion = "Xcode 14.0";
			developmentRegion = en;
			hasScannedForEncodings = 0;
			knownRegions = (
				en,
				Base,
			);
			mainGroup = 897D56CA2CA3EE520049E193;
			productRefGroup = 897D56D42CA3EE520049E193 /* Products */;
			projectDirPath = "";
			projectRoot = "";
			targets = (
				897D56D22CA3EE520049E193 /* RemoveBgTest */,
			);
		};
/* End PBXProject section */

/* Begin PBXResourcesBuildPhase section */
		897D56D12CA3EE520049E193 /* Resources */ = {
			isa = PBXResourcesBuildPhase;
			buildActionMask = 2147483647;
			files = (
				897D56DE2CA3EE550049E193 /* Preview Assets.xcassets in Resources */,
				897D56DB2CA3EE550049E193 /* Assets.xcassets in Resources */,
			);
			runOnlyForDeploymentPostprocessing = 0;
		};
/* End PBXResourcesBuildPhase section */

/* Begin PBXSourcesBuildPhase section */
		897D56CF2CA3EE520049E193 /* Sources */ = {
			isa = PBXSourcesBuildPhase;
			buildActionMask = 2147483647;
			files = (
				897D570B2CA460250049E193 /* Constants.swift in Sources */,
				897D56E52CA3F0390049E193 /* ImagePicker.swift in Sources */,
				897D570D2CA4603B0049E193 /* ColorPickerView.swift in Sources */,
				897D57092CA45FFC0049E193 /* BrushView.swift in Sources */,
				897D56D92CA3EE520049E193 /* ContentView.swift in Sources */,
				897D570F2CA58F890049E193 /* ResultView.swift in Sources */,
				897D56D72CA3EE520049E193 /* RemoveBgTestApp.swift in Sources */,
			);
			runOnlyForDeploymentPostprocessing = 0;
		};
/* End PBXSourcesBuildPhase section */

/* Begin XCBuildConfiguration section */
		897D56DF2CA3EE550049E193 /* Debug */ = {
			isa = XCBuildConfiguration;
			buildSettings = {
				ALWAYS_SEARCH_USER_PATHS = NO;
				ASSETCATALOG_COMPILER_GENERATE_SWIFT_ASSET_SYMBOL_EXTENSIONS = YES;
				CLANG_ANALYZER_NONNULL = YES;
				CLANG_ANALYZER_NUMBER_OBJECT_CONVERSION = YES_AGGRESSIVE;
				CLANG_CXX_LANGUAGE_STANDARD = "gnu++20";
				CLANG_ENABLE_MODULES = YES;
				CLANG_ENABLE_OBJC_ARC = YES;
				CLANG_ENABLE_OBJC_WEAK = YES;
				CLANG_WARN_BLOCK_CAPTURE_AUTORELEASING = YES;
				CLANG_WARN_BOOL_CONVERSION = YES;
				CLANG_WARN_COMMA = YES;
				CLANG_WARN_CONSTANT_CONVERSION = YES;
				CLANG_WARN_DEPRECATED_OBJC_IMPLEMENTATIONS = YES;
				CLANG_WARN_DIRECT_OBJC_ISA_USAGE = YES_ERROR;
				CLANG_WARN_DOCUMENTATION_COMMENTS = YES;
				CLANG_WARN_EMPTY_BODY = YES;
				CLANG_WARN_ENUM_CONVERSION = YES;
				CLANG_WARN_INFINITE_RECURSION = YES;
				CLANG_WARN_INT_CONVERSION = YES;
				CLANG_WARN_NON_LITERAL_NULL_CONVERSION = YES;
				CLANG_WARN_OBJC_IMPLICIT_RETAIN_SELF = YES;
				CLANG_WARN_OBJC_LITERAL_CONVERSION = YES;
				CLANG_WARN_OBJC_ROOT_CLASS = YES_ERROR;
				CLANG_WARN_QUOTED_INCLUDE_IN_FRAMEWORK_HEADER = YES;
				CLANG_WARN_RANGE_LOOP_ANALYSIS = YES;
				CLANG_WARN_STRICT_PROTOTYPES = YES;
				CLANG_WARN_SUSPICIOUS_MOVE = YES;
				CLANG_WARN_UNGUARDED_AVAILABILITY = YES_AGGRESSIVE;
				CLANG_WARN_UNREACHABLE_CODE = YES;
				CLANG_WARN__DUPLICATE_METHOD_MATCH = YES;
				COPY_PHASE_STRIP = NO;
				DEBUG_INFORMATION_FORMAT = dwarf;
				ENABLE_STRICT_OBJC_MSGSEND = YES;
				ENABLE_TESTABILITY = YES;
				ENABLE_USER_SCRIPT_SANDBOXING = YES;
				GCC_C_LANGUAGE_STANDARD = gnu17;
				GCC_DYNAMIC_NO_PIC = NO;
				GCC_NO_COMMON_BLOCKS = YES;
				GCC_OPTIMIZATION_LEVEL = 0;
				GCC_PREPROCESSOR_DEFINITIONS = (
					"DEBUG=1",
					"$(inherited)",
				);
				GCC_WARN_64_TO_32_BIT_CONVERSION = YES;
				GCC_WARN_ABOUT_RETURN_TYPE = YES_ERROR;
				GCC_WARN_UNDECLARED_SELECTOR = YES;
				GCC_WARN_UNINITIALIZED_AUTOS = YES_AGGRESSIVE;
				GCC_WARN_UNUSED_FUNCTION = YES;
				GCC_WARN_UNUSED_VARIABLE = YES;
				IPHONEOS_DEPLOYMENT_TARGET = 17.5;
				LOCALIZATION_PREFERS_STRING_CATALOGS = YES;
				MTL_ENABLE_DEBUG_INFO = INCLUDE_SOURCE;
				MTL_FAST_MATH = YES;
				ONLY_ACTIVE_ARCH = YES;
				SDKROOT = iphoneos;
				SWIFT_ACTIVE_COMPILATION_CONDITIONS = "DEBUG $(inherited)";
				SWIFT_OPTIMIZATION_LEVEL = "-Onone";
			};
			name = Debug;
		};
		897D56E02CA3EE550049E193 /* Release */ = {
			isa = XCBuildConfiguration;
			buildSettings = {
				ALWAYS_SEARCH_USER_PATHS = NO;
				ASSETCATALOG_COMPILER_GENERATE_SWIFT_ASSET_SYMBOL_EXTENSIONS = YES;
				CLANG_ANALYZER_NONNULL = YES;
				CLANG_ANALYZER_NUMBER_OBJECT_CONVERSION = YES_AGGRESSIVE;
				CLANG_CXX_LANGUAGE_STANDARD = "gnu++20";
				CLANG_ENABLE_MODULES = YES;
				CLANG_ENABLE_OBJC_ARC = YES;
				CLANG_ENABLE_OBJC_WEAK = YES;
				CLANG_WARN_BLOCK_CAPTURE_AUTORELEASING = YES;
				CLANG_WARN_BOOL_CONVERSION = YES;
				CLANG_WARN_COMMA = YES;
				CLANG_WARN_CONSTANT_CONVERSION = YES;
				CLANG_WARN_DEPRECATED_OBJC_IMPLEMENTATIONS = YES;
				CLANG_WARN_DIRECT_OBJC_ISA_USAGE = YES_ERROR;
				CLANG_WARN_DOCUMENTATION_COMMENTS = YES;
				CLANG_WARN_EMPTY_BODY = YES;
				CLANG_WARN_ENUM_CONVERSION = YES;
				CLANG_WARN_INFINITE_RECURSION = YES;
				CLANG_WARN_INT_CONVERSION = YES;
				CLANG_WARN_NON_LITERAL_NULL_CONVERSION = YES;
				CLANG_WARN_OBJC_IMPLICIT_RETAIN_SELF = YES;
				CLANG_WARN_OBJC_LITERAL_CONVERSION = YES;
				CLANG_WARN_OBJC_ROOT_CLASS = YES_ERROR;
				CLANG_WARN_QUOTED_INCLUDE_IN_FRAMEWORK_HEADER = YES;
				CLANG_WARN_RANGE_LOOP_ANALYSIS = YES;
				CLANG_WARN_STRICT_PROTOTYPES = YES;
				CLANG_WARN_SUSPICIOUS_MOVE = YES;
				CLANG_WARN_UNGUARDED_AVAILABILITY = YES_AGGRESSIVE;
				CLANG_WARN_UNREACHABLE_CODE = YES;
				CLANG_WARN__DUPLICATE_METHOD_MATCH = YES;
				COPY_PHASE_STRIP = NO;
				DEBUG_INFORMATION_FORMAT = "dwarf-with-dsym";
				ENABLE_NS_ASSERTIONS = NO;
				ENABLE_STRICT_OBJC_MSGSEND = YES;
				ENABLE_USER_SCRIPT_SANDBOXING = YES;
				GCC_C_LANGUAGE_STANDARD = gnu17;
				GCC_NO_COMMON_BLOCKS = YES;
				GCC_WARN_64_TO_32_BIT_CONVERSION = YES;
				GCC_WARN_ABOUT_RETURN_TYPE = YES_ERROR;
				GCC_WARN_UNDECLARED_SELECTOR = YES;
				GCC_WARN_UNINITIALIZED_AUTOS = YES_AGGRESSIVE;
				GCC_WARN_UNUSED_FUNCTION = YES;
				GCC_WARN_UNUSED_VARIABLE = YES;
				IPHONEOS_DEPLOYMENT_TARGET = 17.5;
				LOCALIZATION_PREFERS_STRING_CATALOGS = YES;
				MTL_ENABLE_DEBUG_INFO = NO;
				MTL_FAST_MATH = YES;
				SDKROOT = iphoneos;
				SWIFT_COMPILATION_MODE = wholemodule;
				VALIDATE_PRODUCT = YES;
			};
			name = Release;
		};
		897D56E22CA3EE550049E193 /* Debug */ = {
			isa = XCBuildConfiguration;
			buildSettings = {
				ASSETCATALOG_COMPILER_APPICON_NAME = AppIcon;
				ASSETCATALOG_COMPILER_GLOBAL_ACCENT_COLOR_NAME = AccentColor;
				CODE_SIGN_STYLE = Automatic;
				CURRENT_PROJECT_VERSION = 1;
				DEVELOPMENT_ASSET_PATHS = "\"RemoveBgTest/Preview Content\"";
				DEVELOPMENT_TEAM = 8D32S9PLZ6;
				ENABLE_PREVIEWS = YES;
				GENERATE_INFOPLIST_FILE = YES;
				INFOPLIST_KEY_NSPhotoLibraryAddUsageDescription = "이 앱이 사진 앨범에 이미지를 저장할 수 있도록 허용해 주세요.";
				INFOPLIST_KEY_UIApplicationSceneManifest_Generation = YES;
				INFOPLIST_KEY_UIApplicationSupportsIndirectInputEvents = YES;
				INFOPLIST_KEY_UILaunchScreen_Generation = YES;
				INFOPLIST_KEY_UISupportedInterfaceOrientations_iPad = "UIInterfaceOrientationPortrait UIInterfaceOrientationPortraitUpsideDown UIInterfaceOrientationLandscapeLeft UIInterfaceOrientationLandscapeRight";
				INFOPLIST_KEY_UISupportedInterfaceOrientations_iPhone = "UIInterfaceOrientationPortrait UIInterfaceOrientationLandscapeLeft UIInterfaceOrientationLandscapeRight";
				LD_RUNPATH_SEARCH_PATHS = (
					"$(inherited)",
					"@executable_path/Frameworks",
				);
				MARKETING_VERSION = 1.0;
				PRODUCT_BUNDLE_IDENTIFIER = "LeeYeeun-Kim.RemoveBgTest";
				PRODUCT_NAME = "$(TARGET_NAME)";
				SWIFT_EMIT_LOC_STRINGS = YES;
				SWIFT_VERSION = 5.0;
				TARGETED_DEVICE_FAMILY = "1,2";
			};
			name = Debug;
		};
		897D56E32CA3EE550049E193 /* Release */ = {
			isa = XCBuildConfiguration;
			buildSettings = {
				ASSETCATALOG_COMPILER_APPICON_NAME = AppIcon;
				ASSETCATALOG_COMPILER_GLOBAL_ACCENT_COLOR_NAME = AccentColor;
				CODE_SIGN_STYLE = Automatic;
				CURRENT_PROJECT_VERSION = 1;
				DEVELOPMENT_ASSET_PATHS = "\"RemoveBgTest/Preview Content\"";
				DEVELOPMENT_TEAM = 8D32S9PLZ6;
				ENABLE_PREVIEWS = YES;
				GENERATE_INFOPLIST_FILE = YES;
				INFOPLIST_KEY_NSPhotoLibraryAddUsageDescription = "이 앱이 사진 앨범에 이미지를 저장할 수 있도록 허용해 주세요.";
				INFOPLIST_KEY_UIApplicationSceneManifest_Generation = YES;
				INFOPLIST_KEY_UIApplicationSupportsIndirectInputEvents = YES;
				INFOPLIST_KEY_UILaunchScreen_Generation = YES;
				INFOPLIST_KEY_UISupportedInterfaceOrientations_iPad = "UIInterfaceOrientationPortrait UIInterfaceOrientationPortraitUpsideDown UIInterfaceOrientationLandscapeLeft UIInterfaceOrientationLandscapeRight";
				INFOPLIST_KEY_UISupportedInterfaceOrientations_iPhone = "UIInterfaceOrientationPortrait UIInterfaceOrientationLandscapeLeft UIInterfaceOrientationLandscapeRight";
				LD_RUNPATH_SEARCH_PATHS = (
					"$(inherited)",
					"@executable_path/Frameworks",
				);
				MARKETING_VERSION = 1.0;
				PRODUCT_BUNDLE_IDENTIFIER = "LeeYeeun-Kim.RemoveBgTest";
				PRODUCT_NAME = "$(TARGET_NAME)";
				SWIFT_EMIT_LOC_STRINGS = YES;
				SWIFT_VERSION = 5.0;
				TARGETED_DEVICE_FAMILY = "1,2";
			};
			name = Release;
		};
/* End XCBuildConfiguration section */

/* Begin XCConfigurationList section */
		897D56CE2CA3EE520049E193 /* Build configuration list for PBXProject "RemoveBgTest" */ = {
			isa = XCConfigurationList;
			buildConfigurations = (
				897D56DF2CA3EE550049E193 /* Debug */,
				897D56E02CA3EE550049E193 /* Release */,
			);
			defaultConfigurationIsVisible = 0;
			defaultConfigurationName = Release;
		};
		897D56E12CA3EE550049E193 /* Build configuration list for PBXNativeTarget "RemoveBgTest" */ = {
			isa = XCConfigurationList;
			buildConfigurations = (
				897D56E22CA3EE550049E193 /* Debug */,
				897D56E32CA3EE550049E193 /* Release */,
			);
			defaultConfigurationIsVisible = 0;
			defaultConfigurationName = Release;
		};
/* End XCConfigurationList section */
	};
	rootObject = 897D56CB2CA3EE520049E193 /* Project object */;
}
